# THIS IS AN AUTOGENERATED FILE. DO NOT EDIT THIS FILE DIRECTLY.
# yarn lockfile v1


"@babel/runtime@^7.5.5":
  version "7.6.0"
  resolved "https://registry.yarnpkg.com/@babel/runtime/-/runtime-7.6.0.tgz#4fc1d642a9fd0299754e8b5de62c631cf5568205"
  integrity sha512-89eSBLJsxNxOERC0Op4vd+0Bqm6wRMqMbFtV3i0/fbaWw/mJ8Q3eBvgX0G4SyrOOLCtbu98HspF8o09MRT+KzQ==
  dependencies:
    regenerator-runtime "^0.13.2"

"@polkadot/ui-shared@^0.42.0-beta.31":
  version "0.42.1"
  resolved "https://registry.yarnpkg.com/@polkadot/ui-shared/-/ui-shared-0.42.1.tgz#e62024b9db3c17786c2a4cde8264c676fd2db297"
  integrity sha512-Aik/9F0zy+HQlshduMcIO+0ypPtHq0oDhX7f+yc/sYO/x9yCFOcLByxAZqp3NfuzUSYugPH2As061qbScfmwlQ==
  dependencies:
    "@babel/runtime" "^7.5.5"
    "@types/color" "^3.0.0"
    color "^3.1.2"

"@types/color-convert@*":
  version "1.9.0"
  resolved "https://registry.yarnpkg.com/@types/color-convert/-/color-convert-1.9.0.tgz#bfa8203e41e7c65471e9841d7e306a7cd8b5172d"
  integrity sha512-OKGEfULrvSL2VRbkl/gnjjgbbF7ycIlpSsX7Nkab4MOWi5XxmgBYvuiQ7lcCFY5cPDz7MUNaKgxte2VRmtr4Fg==
  dependencies:
    "@types/color-name" "*"

"@types/color-name@*":
  version "1.1.1"
  resolved "https://registry.yarnpkg.com/@types/color-name/-/color-name-1.1.1.tgz#1c1261bbeaa10a8055bbc5d8ab84b7b2afc846a0"
  integrity sha512-rr+OQyAjxze7GgWrSaJwydHStIhHq2lvY3BOC2Mj7KnzI7XK0Uw1TOOdI9lDoajEbSWLiYgoo4f1R51erQfhPQ==

"@types/color@^3.0.0":
  version "3.0.0"
  resolved "https://registry.yarnpkg.com/@types/color/-/color-3.0.0.tgz#40f8a6bf2fd86e969876b339a837d8ff1b0a6e30"
  integrity sha512-5qqtNia+m2I0/85+pd2YzAXaTyKO8j+svirO5aN+XaQJ5+eZ8nx0jPtEWZLxCi50xwYsX10xUHetFzfb1WEs4Q==
  dependencies:
    "@types/color-convert" "*"

"@types/node@*":
  version "12.7.5"
  resolved "https://registry.yarnpkg.com/@types/node/-/node-12.7.5.tgz#e19436e7f8e9b4601005d73673b6dc4784ffcc2f"
  integrity sha512-9fq4jZVhPNW8r+UYKnxF1e2HkDWOWKM5bC2/7c9wPV835I0aOrVbS/Hw/pWPk2uKrNXQqg9Z959Kz+IYDd5p3w==

"@vue-polkadot/vue-identicon@^0.0.5":
  version "0.0.5"
  resolved "https://registry.yarnpkg.com/@vue-polkadot/vue-identicon/-/vue-identicon-0.0.5.tgz#a1ac1e256c500f3947db67ed9c52f4a64776329e"
  integrity sha512-OwAV7L4BEm96MfhELYzUfdnPls+FjUyGttzNEguqSfQmtyOizZYNXpsU5Ol1OKoIJdsJpu/fYSjAKq5zbTaOlg==
  dependencies:
    "@polkadot/ui-shared" "^0.42.0-beta.31"
    jdenticon "2.2.0"
    vue "^2.6.10"
    vue-class-component "^7.0.2"
    vue-property-decorator "^8.1.0"

"@vue-polkadot/vue-settings@^0.0.3":
  version "0.0.3"
  resolved "https://registry.yarnpkg.com/@vue-polkadot/vue-settings/-/vue-settings-0.0.3.tgz#d94804ae860150a664f01e3c6866efd569edecba"
  integrity sha512-KipJ5VPSUWCoVwo9WyUG4zxD39tPV5jy1CtCJrHKW1L38ST0rwzEPJWvGugIg5G0F5Yj08deMWiMK0yFRtGE/w==

canvas-renderer@~2.1.1:
  version "2.1.1"
  resolved "https://registry.yarnpkg.com/canvas-renderer/-/canvas-renderer-2.1.1.tgz#d91fe9511ab48056ff9fa8a04514bede76535f55"
  integrity sha512-/V0XetN7s1Mk3NO7x2wxPZYv0pLMQtGAhecuOuKR88beiYCUle1AbCcFZNLu+4NVzi9RVHS0rXtIgzPEaKidLw==

color-convert@^1.9.1:
  version "1.9.3"
  resolved "https://registry.yarnpkg.com/color-convert/-/color-convert-1.9.3.tgz#bb71850690e1f136567de629d2d5471deda4c1e8"
  integrity sha512-QfAUtd+vFdAtFQcC8CCyYt1fYWxSqAiK2cSD6zDB8N3cpsEBAvRxp9zOGg6G/SHHJYAT88/az/IuDGALsNVbGg==
  dependencies:
    color-name "1.1.3"

color-name@1.1.3:
  version "1.1.3"
  resolved "https://registry.yarnpkg.com/color-name/-/color-name-1.1.3.tgz#a7d0558bd89c42f795dd42328f740831ca53bc25"
  integrity sha1-p9BVi9icQveV3UIyj3QIMcpTvCU=

color-name@^1.0.0:
  version "1.1.4"
  resolved "https://registry.yarnpkg.com/color-name/-/color-name-1.1.4.tgz#c2a09a87acbde69543de6f63fa3995c826c536a2"
  integrity sha512-dOy+3AuW3a2wNbZHIuMZpTcgjGuLU/uBL/ubcZF9OXbDo8ff4O8yVp5Bf0efS8uEoYo5q4Fx7dY9OgQGXgAsQA==

color-string@^1.5.2:
  version "1.5.3"
  resolved "https://registry.yarnpkg.com/color-string/-/color-string-1.5.3.tgz#c9bbc5f01b58b5492f3d6857459cb6590ce204cc"
  integrity sha512-dC2C5qeWoYkxki5UAXapdjqO672AM4vZuPGRQfO8b5HKuKGBbKWpITyDYN7TOFKvRW7kOgAn3746clDBMDJyQw==
  dependencies:
    color-name "^1.0.0"
    simple-swizzle "^0.2.2"

color@^3.1.2:
  version "3.1.2"
  resolved "https://registry.yarnpkg.com/color/-/color-3.1.2.tgz#68148e7f85d41ad7649c5fa8c8106f098d229e10"
  integrity sha512-vXTJhHebByxZn3lDvDJYw4lR5+uB3vuoHsuYA5AKuxRVn5wzzIfQKGLBmgdVRHKTJYeK5rvJcHnrd0Li49CFpg==
  dependencies:
    color-convert "^1.9.1"
    color-string "^1.5.2"

is-arrayish@^0.3.1:
  version "0.3.2"
  resolved "https://registry.yarnpkg.com/is-arrayish/-/is-arrayish-0.3.2.tgz#4574a2ae56f7ab206896fb431eaeed066fdf8f03"
  integrity sha512-eVRqCvVlZbuw3GrM63ovNSNAeA1K16kaR/LRY/92w0zxQ5/1YzwblUX652i4Xs9RwAGjW9d9y6X88t8OaAJfWQ==

jdenticon@2.2.0:
  version "2.2.0"
  resolved "https://registry.yarnpkg.com/jdenticon/-/jdenticon-2.2.0.tgz#6a9d9cb2134a7848ff21d59b3871148cbc6af87f"
  integrity sha512-WGqwpjN9pab/Sah9pGnFH5tQc3HF3WbLV/tPVbykvk5nuAkxG/zhzQYWC2owvpnS+/A0HmlSx35rtY8kyN+x7Q==
  dependencies:
    "@types/node" "*"
    canvas-renderer "~2.1.1"

regenerator-runtime@^0.13.2:
  version "0.13.3"
  resolved "https://registry.yarnpkg.com/regenerator-runtime/-/regenerator-runtime-0.13.3.tgz#7cf6a77d8f5c6f60eb73c5fc1955b2ceb01e6bf5"
  integrity sha512-naKIZz2GQ8JWh///G7L3X6LaQUAMp2lvb1rvwwsURe/VXwD6VMfr+/1NuNw3ag8v2kY1aQ/go5SNn79O9JU7yw==

simple-swizzle@^0.2.2:
  version "0.2.2"
  resolved "https://registry.yarnpkg.com/simple-swizzle/-/simple-swizzle-0.2.2.tgz#a4da6b635ffcccca33f70d17cb92592de95e557a"
  integrity sha1-pNprY1/8zMoz9w0Xy5JZLeleVXo=
  dependencies:
    is-arrayish "^0.3.1"

vue-class-component@^7.0.1, vue-class-component@^7.0.2:
  version "7.1.0"
  resolved "https://registry.yarnpkg.com/vue-class-component/-/vue-class-component-7.1.0.tgz#b33efcb10e17236d684f70b1e96f1946ec793e87"
  integrity sha512-G9152NzUkz0i0xTfhk0Afc8vzdXxDR1pfN4dTwE72cskkgJtdXfrKBkMfGvDuxUh35U500g5Ve4xL8PEGdWeHg==

vue-property-decorator@^8.1.0:
  version "8.2.2"
  resolved "https://registry.yarnpkg.com/vue-property-decorator/-/vue-property-decorator-8.2.2.tgz#ac895e9508ee1bf86e3a28568d94d842c2c8e42f"
  integrity sha512-3gRrIeoUtjXvkoMX2stJsVs7805Pa9MXEndnk21ej+sWO7AIc5HF1TKqK0Pox5TEjpO02UbadIF0QWNrx6ZwXQ==
  dependencies:
    vue-class-component "^7.0.1"

vue@^2.6.10:
  version "2.6.10"
  resolved "https://registry.yarnpkg.com/vue/-/vue-2.6.10.tgz#a72b1a42a4d82a721ea438d1b6bf55e66195c637"
  integrity sha512-ImThpeNU9HbdZL3utgMCq0oiMzAkt1mcgy3/E6zWC/G6AaQoeuFdsl9nDhTDU3X1R6FK7nsIUuRACVcjI+A2GQ==
